
Microsoft Visual Studio Solution File, Format Version 12.00
# Visual Studio Version 16
VisualStudioVersion = 16.0.30114.105
MinimumVisualStudioVersion = 10.0.40219.1
Project("{FAE04EC0-301F-11D3-BF4B-00C04F79EFBC}") = "EFCoreApp.Domain", "EFCoreApp.Domain\EFCoreApp.Domain.csproj", "{84B165CA-EC27-48B7-9A88-1459D889B9F2}"
EndProject
Project("{FAE04EC0-301F-11D3-BF4B-00C04F79EFBC}") = "EFCoreApp.Data", "EFCoreApp.Data\EFCoreApp.Data.csproj", "{0CFC8188-123C-477E-806D-98F75687092C}"
EndProject
Global
	GlobalSection(SolutionConfigurationPlatforms) = preSolution
		Debug|Any CPU = Debug|Any CPU
		Release|Any CPU = Release|Any CPU
	EndGlobalSection
	GlobalSection(ProjectConfigurationPlatforms) = postSolution
		{84B165CA-EC27-48B7-9A88-1459D889B9F2}.Debug|Any CPU.ActiveCfg = Debug|Any CPU
		{84B165CA-EC27-48B7-9A88-1459D889B9F2}.Debug|Any CPU.Build.0 = Debug|Any CPU
		{84B165CA-EC27-48B7-9A88-1459D889B9F2}.Release|Any CPU.ActiveCfg = Release|Any CPU
		{84B165CA-EC27-48B7-9A88-1459D889B9F2}.Release|Any CPU.Build.0 = Release|Any CPU
		{0CFC8188-123C-477E-806D-98F75687092C}.Debug|Any CPU.ActiveCfg = Debug|Any CPU
		{0CFC8188-123C-477E-806D-98F75687092C}.Debug|Any CPU.Build.0 = Debug|Any CPU
		{0CFC8188-123C-477E-806D-98F75687092C}.Release|Any CPU.ActiveCfg = Release|Any CPU
		{0CFC8188-123C-477E-806D-98F75687092C}.Release|Any CPU.Build.0 = Release|Any CPU
	EndGlobalSection
	GlobalSection(SolutionProperties) = preSolution
		HideSolutionNode = FALSE
	EndGlobalSection
	GlobalSection(ExtensibilityGlobals) = postSolution
		SolutionGuid = {DC7BDE5D-3C2A-4C37-9E50-F8D6650D9F5B}
	EndGlobalSection
EndGlobal
